
Microsoft Visual Studio Solution File, Format Version 12.00
# Visual Studio Version 17
VisualStudioVersion = 17.9.34728.123
MinimumVisualStudioVersion = 10.0.40219.1
Project("{FAE04EC0-301F-11D3-BF4B-00C04F79EFBC}") = "BlazorErrorBoundary", "BlazorErrorBoundary\BlazorErrorBoundary.csproj", "{0726B322-1028-4D07-89E3-180F71D37121}"
EndProject
Global
	GlobalSection(SolutionConfigurationPlatforms) = preSolution
		Debug|Any CPU = Debug|Any CPU
		Release|Any CPU = Release|Any CPU
	EndGlobalSection
	GlobalSection(ProjectConfigurationPlatforms) = postSolution
		{0726B322-1028-4D07-89E3-180F71D37121}.Debug|Any CPU.ActiveCfg = Debug|Any CPU
		{0726B322-1028-4D07-89E3-180F71D37121}.Debug|Any CPU.Build.0 = Debug|Any CPU
		{0726B322-1028-4D07-89E3-180F71D37121}.Release|Any CPU.ActiveCfg = Release|Any CPU
		{0726B322-1028-4D07-89E3-180F71D37121}.Release|Any CPU.Build.0 = Release|Any CPU
	EndGlobalSection
	GlobalSection(SolutionProperties) = preSolution
		HideSolutionNode = FALSE
	EndGlobalSection
	GlobalSection(ExtensibilityGlobals) = postSolution
		SolutionGuid = {CB9E1388-FF2A-442B-B726-A8D93F68608D}
	EndGlobalSection
EndGlobal
